
Microsoft Visual Studio Solution File, Format Version 12.00
# Visual Studio Version 17
VisualStudioVersion = 17.4.33205.214
MinimumVisualStudioVersion = 10.0.40219.1
Project("{9A19103F-16F7-4668-BE54-9A1E7A4F7556}") = "HomeWorkArh10", "HomeWorkArh10.csproj", "{5A33D7AE-A7D3-49B3-8103-4D5C3875D056}"
EndProject
Global
	GlobalSection(SolutionConfigurationPlatforms) = preSolution
		Debug|Any CPU = Debug|Any CPU
		Release|Any CPU = Release|Any CPU
	EndGlobalSection
	GlobalSection(ProjectConfigurationPlatforms) = postSolution
		{5A33D7AE-A7D3-49B3-8103-4D5C3875D056}.Debug|Any CPU.ActiveCfg = Debug|Any CPU
		{5A33D7AE-A7D3-49B3-8103-4D5C3875D056}.Debug|Any CPU.Build.0 = Debug|Any CPU
		{5A33D7AE-A7D3-49B3-8103-4D5C3875D056}.Release|Any CPU.ActiveCfg = Release|Any CPU
		{5A33D7AE-A7D3-49B3-8103-4D5C3875D056}.Release|Any CPU.Build.0 = Release|Any CPU
	EndGlobalSection
	GlobalSection(SolutionProperties) = preSolution
		HideSolutionNode = FALSE
	EndGlobalSection
	GlobalSection(ExtensibilityGlobals) = postSolution
		SolutionGuid = {CDA7172A-9124-4DF0-A6D7-AE67AD7DAA34}
	EndGlobalSection
EndGlobal
